// !$*UTF8*$!
{
	archiveVersion = 1;
	classes = {
	};
	objectVersion = 46;
	objects = {

/* Begin PBXBuildFile section */
		A7DBC2021B6F3C5C00E3F667 /* main.m in Sources */ = {isa = PBXBuildFile; fileRef = A7DBC2011B6F3C5C00E3F667 /* main.m */; };
		A7DBC2051B6F3C5C00E3F667 /* AppDelegate.m in Sources */ = {isa = PBXBuildFile; fileRef = A7DBC2041B6F3C5C00E3F667 /* AppDelegate.m */; };
		A7DBC2081B6F3C5C00E3F667 /* ViewController.m in Sources */ = {isa = PBXBuildFile; fileRef = A7DBC2071B6F3C5C00E3F667 /* ViewController.m */; settings = {COMPILER_FLAGS = "-fno-objc-arc"; }; };
		A7DBC20B1B6F3C5C00E3F667 /* Main.storyboard in Resources */ = {isa = PBXBuildFile; fileRef = A7DBC2091B6F3C5C00E3F667 /* Main.storyboard */; };
		A7DBC20D1B6F3C5C00E3F667 /* Images.xcassets in Resources */ = {isa = PBXBuildFile; fileRef = A7DBC20C1B6F3C5C00E3F667 /* Images.xcassets */; };
		A7DBC2101B6F3C5C00E3F667 /* LaunchScreen.xib in Resources */ = {isa = PBXBuildFile; fileRef = A7DBC20E1B6F3C5C00E3F667 /* LaunchScreen.xib */; };
		A7DBC21C1B6F3C5C00E3F667 /* DemoNetworkASITests.m in Sources */ = {isa = PBXBuildFile; fileRef = A7DBC21B1B6F3C5C00E3F667 /* DemoNetworkASITests.m */; };
		A7DBC24F1B6F3D5200E3F667 /* ASIAuthenticationDialog.m in Sources */ = {isa = PBXBuildFile; fileRef = A7DBC2281B6F3D5200E3F667 /* ASIAuthenticationDialog.m */; settings = {COMPILER_FLAGS = "-fno-objc-arc"; }; };
		A7DBC2501B6F3D5200E3F667 /* ASIDataCompressor.m in Sources */ = {isa = PBXBuildFile; fileRef = A7DBC22B1B6F3D5200E3F667 /* ASIDataCompressor.m */; settings = {COMPILER_FLAGS = "-fno-objc-arc"; }; };
		A7DBC2511B6F3D5200E3F667 /* ASIDataDecompressor.m in Sources */ = {isa = PBXBuildFile; fileRef = A7DBC22D1B6F3D5200E3F667 /* ASIDataDecompressor.m */; settings = {COMPILER_FLAGS = "-fno-objc-arc"; }; };
		A7DBC2521B6F3D5200E3F667 /* ASIDownloadCache.m in Sources */ = {isa = PBXBuildFile; fileRef = A7DBC22F1B6F3D5200E3F667 /* ASIDownloadCache.m */; settings = {COMPILER_FLAGS = "-fno-objc-arc"; }; };
		A7DBC2531B6F3D5200E3F667 /* ASIFormDataRequest.m in Sources */ = {isa = PBXBuildFile; fileRef = A7DBC2311B6F3D5200E3F667 /* ASIFormDataRequest.m */; settings = {COMPILER_FLAGS = "-fno-objc-arc"; }; };
		A7DBC2541B6F3D5200E3F667 /* ASIHTTPRequest.m in Sources */ = {isa = PBXBuildFile; fileRef = A7DBC2331B6F3D5200E3F667 /* ASIHTTPRequest.m */; settings = {COMPILER_FLAGS = "-fno-objc-arc"; }; };
		A7DBC2551B6F3D5200E3F667 /* ASIInputStream.m in Sources */ = {isa = PBXBuildFile; fileRef = A7DBC2371B6F3D5200E3F667 /* ASIInputStream.m */; settings = {COMPILER_FLAGS = "-fno-objc-arc"; }; };
		A7DBC2561B6F3D5200E3F667 /* ASINetworkQueue.m in Sources */ = {isa = PBXBuildFile; fileRef = A7DBC2391B6F3D5200E3F667 /* ASINetworkQueue.m */; settings = {COMPILER_FLAGS = "-fno-objc-arc"; }; };
		A7DBC2571B6F3D5200E3F667 /* Reachability.m in Sources */ = {isa = PBXBuildFile; fileRef = A7DBC23D1B6F3D5200E3F667 /* Reachability.m */; settings = {COMPILER_FLAGS = "-fno-objc-arc"; }; };
		A7DBC2591B6F3D5200E3F667 /* NSObject+SBJSON.m in Sources */ = {isa = PBXBuildFile; fileRef = A7DBC2431B6F3D5200E3F667 /* NSObject+SBJSON.m */; settings = {COMPILER_FLAGS = "-fno-objc-arc"; }; };
		A7DBC25A1B6F3D5200E3F667 /* NSString+SBJSON.m in Sources */ = {isa = PBXBuildFile; fileRef = A7DBC2451B6F3D5200E3F667 /* NSString+SBJSON.m */; settings = {COMPILER_FLAGS = "-fno-objc-arc"; }; };
		A7DBC25B1B6F3D5200E3F667 /* SBJsonBase.m in Sources */ = {isa = PBXBuildFile; fileRef = A7DBC2471B6F3D5200E3F667 /* SBJsonBase.m */; settings = {COMPILER_FLAGS = "-fno-objc-arc"; }; };
		A7DBC25C1B6F3D5200E3F667 /* SBJsonParser.m in Sources */ = {isa = PBXBuildFile; fileRef = A7DBC2491B6F3D5200E3F667 /* SBJsonParser.m */; settings = {COMPILER_FLAGS = "-fno-objc-arc"; }; };
		A7DBC25D1B6F3D5200E3F667 /* SBJsonStreamWriter.m in Sources */ = {isa = PBXBuildFile; fileRef = A7DBC24B1B6F3D5200E3F667 /* SBJsonStreamWriter.m */; settings = {COMPILER_FLAGS = "-fno-objc-arc"; }; };
		A7DBC25E1B6F3D5200E3F667 /* SBJsonWriter.m in Sources */ = {isa = PBXBuildFile; fileRef = A7DBC24D1B6F3D5200E3F667 /* SBJsonWriter.m */; settings = {COMPILER_FLAGS = "-fno-objc-arc"; }; };
		A7DBC2611B6F3FF300E3F667 /* SYASIRequest.m in Sources */ = {isa = PBXBuildFile; fileRef = A7DBC2601B6F3FF300E3F667 /* SYASIRequest.m */; };
		A7DBC2631B6F408300E3F667 /* libxml2.dylib in Frameworks */ = {isa = PBXBuildFile; fileRef = A7DBC2621B6F408300E3F667 /* libxml2.dylib */; };
		A7DBC2651B6F408C00E3F667 /* CFNetwork.framework in Frameworks */ = {isa = PBXBuildFile; fileRef = A7DBC2641B6F408C00E3F667 /* CFNetwork.framework */; };
		A7DBC2671B6F409400E3F667 /* CoreGraphics.framework in Frameworks */ = {isa = PBXBuildFile; fileRef = A7DBC2661B6F409400E3F667 /* CoreGraphics.framework */; };
		A7DBC2691B6F409F00E3F667 /* MobileCoreServices.framework in Frameworks */ = {isa = PBXBuildFile; fileRef = A7DBC2681B6F409F00E3F667 /* MobileCoreServices.framework */; };
		A7DBC26B1B6F40A900E3F667 /* libz.dylib in Frameworks */ = {isa = PBXBuildFile; fileRef = A7DBC26A1B6F40A900E3F667 /* libz.dylib */; };
		A7DBC26D1B6F40B200E3F667 /* SystemConfiguration.framework in Frameworks */ = {isa = PBXBuildFile; fileRef = A7DBC26C1B6F40B200E3F667 /* SystemConfiguration.framework */; };
/* End PBXBuildFile section */

/* Begin PBXContainerItemProxy section */
		A7DBC2161B6F3C5C00E3F667 /* PBXContainerItemProxy */ = {
			isa = PBXContainerItemProxy;
			containerPortal = A7DBC1F41B6F3C5C00E3F667 /* Project object */;
			proxyType = 1;
			remoteGlobalIDString = A7DBC1FB1B6F3C5C00E3F667;
			remoteInfo = DemoNetworkASI;
		};
/* End PBXContainerItemProxy section */

/* Begin PBXFileReference section */
		A7DBC1FC1B6F3C5C00E3F667 /* DemoNetworkASI.app */ = {isa = PBXFileReference; explicitFileType = wrapper.application; includeInIndex = 0; path = DemoNetworkASI.app; sourceTree = BUILT_PRODUCTS_DIR; };
		A7DBC2001B6F3C5C00E3F667 /* Info.plist */ = {isa = PBXFileReference; lastKnownFileType = text.plist.xml; path = Info.plist; sourceTree = "<group>"; };
		A7DBC2011B6F3C5C00E3F667 /* main.m */ = {isa = PBXFileReference; lastKnownFileType = sourcecode.c.objc; path = main.m; sourceTree = "<group>"; };
		A7DBC2031B6F3C5C00E3F667 /* AppDelegate.h */ = {isa = PBXFileReference; lastKnownFileType = sourcecode.c.h; path = AppDelegate.h; sourceTree = "<group>"; };
		A7DBC2041B6F3C5C00E3F667 /* AppDelegate.m */ = {isa = PBXFileReference; lastKnownFileType = sourcecode.c.objc; path = AppDelegate.m; sourceTree = "<group>"; };
		A7DBC2061B6F3C5C00E3F667 /* ViewController.h */ = {isa = PBXFileReference; lastKnownFileType = sourcecode.c.h; path = ViewController.h; sourceTree = "<group>"; };
		A7DBC2071B6F3C5C00E3F667 /* ViewController.m */ = {isa = PBXFileReference; lastKnownFileType = sourcecode.c.objc; path = ViewController.m; sourceTree = "<group>"; };
		A7DBC20A1B6F3C5C00E3F667 /* Base */ = {isa = PBXFileReference; lastKnownFileType = file.storyboard; name = Base; path = Base.lproj/Main.storyboard; sourceTree = "<group>"; };
		A7DBC20C1B6F3C5C00E3F667 /* Images.xcassets */ = {isa = PBXFileReference; lastKnownFileType = folder.assetcatalog; path = Images.xcassets; sourceTree = "<group>"; };
		A7DBC20F1B6F3C5C00E3F667 /* Base */ = {isa = PBXFileReference; lastKnownFileType = file.xib; name = Base; path = Base.lproj/LaunchScreen.xib; sourceTree = "<group>"; };
		A7DBC2151B6F3C5C00E3F667 /* DemoNetworkASITests.xctest */ = {isa = PBXFileReference; explicitFileType = wrapper.cfbundle; includeInIndex = 0; path = DemoNetworkASITests.xctest; sourceTree = BUILT_PRODUCTS_DIR; };
		A7DBC21A1B6F3C5C00E3F667 /* Info.plist */ = {isa = PBXFileReference; lastKnownFileType = text.plist.xml; path = Info.plist; sourceTree = "<group>"; };
		A7DBC21B1B6F3C5C00E3F667 /* DemoNetworkASITests.m */ = {isa = PBXFileReference; lastKnownFileType = sourcecode.c.objc; path = DemoNetworkASITests.m; sourceTree = "<group>"; };
		A7DBC2271B6F3D5200E3F667 /* ASIAuthenticationDialog.h */ = {isa = PBXFileReference; fileEncoding = 4; lastKnownFileType = sourcecode.c.h; path = ASIAuthenticationDialog.h; sourceTree = "<group>"; };
		A7DBC2281B6F3D5200E3F667 /* ASIAuthenticationDialog.m */ = {isa = PBXFileReference; fileEncoding = 4; lastKnownFileType = sourcecode.c.objc; path = ASIAuthenticationDialog.m; sourceTree = "<group>"; };
		A7DBC2291B6F3D5200E3F667 /* ASICacheDelegate.h */ = {isa = PBXFileReference; fileEncoding = 4; lastKnownFileType = sourcecode.c.h; path = ASICacheDelegate.h; sourceTree = "<group>"; };
		A7DBC22A1B6F3D5200E3F667 /* ASIDataCompressor.h */ = {isa = PBXFileReference; fileEncoding = 4; lastKnownFileType = sourcecode.c.h; path = ASIDataCompressor.h; sourceTree = "<group>"; };
		A7DBC22B1B6F3D5200E3F667 /* ASIDataCompressor.m */ = {isa = PBXFileReference; fileEncoding = 4; lastKnownFileType = sourcecode.c.objc; path = ASIDataCompressor.m; sourceTree = "<group>"; };
		A7DBC22C1B6F3D5200E3F667 /* ASIDataDecompressor.h */ = {isa = PBXFileReference; fileEncoding = 4; lastKnownFileType = sourcecode.c.h; path = ASIDataDecompressor.h; sourceTree = "<group>"; };
		A7DBC22D1B6F3D5200E3F667 /* ASIDataDecompressor.m */ = {isa = PBXFileReference; fileEncoding = 4; lastKnownFileType = sourcecode.c.objc; path = ASIDataDecompressor.m; sourceTree = "<group>"; };
		A7DBC22E1B6F3D5200E3F667 /* ASIDownloadCache.h */ = {isa = PBXFileReference; fileEncoding = 4; lastKnownFileType = sourcecode.c.h; path = ASIDownloadCache.h; sourceTree = "<group>"; };
		A7DBC22F1B6F3D5200E3F667 /* ASIDownloadCache.m */ = {isa = PBXFileReference; fileEncoding = 4; lastKnownFileType = sourcecode.c.objc; path = ASIDownloadCache.m; sourceTree = "<group>"; };
		A7DBC2301B6F3D5200E3F667 /* ASIFormDataRequest.h */ = {isa = PBXFileReference; fileEncoding = 4; lastKnownFileType = sourcecode.c.h; path = ASIFormDataRequest.h; sourceTree = "<group>"; };
		A7DBC2311B6F3D5200E3F667 /* ASIFormDataRequest.m */ = {isa = PBXFileReference; fileEncoding = 4; lastKnownFileType = sourcecode.c.objc; path = ASIFormDataRequest.m; sourceTree = "<group>"; };
		A7DBC2321B6F3D5200E3F667 /* ASIHTTPRequest.h */ = {isa = PBXFileReference; fileEncoding = 4; lastKnownFileType = sourcecode.c.h; path = ASIHTTPRequest.h; sourceTree = "<group>"; };
		A7DBC2331B6F3D5200E3F667 /* ASIHTTPRequest.m */ = {isa = PBXFileReference; fileEncoding = 4; lastKnownFileType = sourcecode.c.objc; path = ASIHTTPRequest.m; sourceTree = "<group>"; };
		A7DBC2341B6F3D5200E3F667 /* ASIHTTPRequestConfig.h */ = {isa = PBXFileReference; fileEncoding = 4; lastKnownFileType = sourcecode.c.h; path = ASIHTTPRequestConfig.h; sourceTree = "<group>"; };
		A7DBC2351B6F3D5200E3F667 /* ASIHTTPRequestDelegate.h */ = {isa = PBXFileReference; fileEncoding = 4; lastKnownFileType = sourcecode.c.h; path = ASIHTTPRequestDelegate.h; sourceTree = "<group>"; };
		A7DBC2361B6F3D5200E3F667 /* ASIInputStream.h */ = {isa = PBXFileReference; fileEncoding = 4; lastKnownFileType = sourcecode.c.h; path = ASIInputStream.h; sourceTree = "<group>"; };
		A7DBC2371B6F3D5200E3F667 /* ASIInputStream.m */ = {isa = PBXFileReference; fileEncoding = 4; lastKnownFileType = sourcecode.c.objc; path = ASIInputStream.m; sourceTree = "<group>"; };
		A7DBC2381B6F3D5200E3F667 /* ASINetworkQueue.h */ = {isa = PBXFileReference; fileEncoding = 4; lastKnownFileType = sourcecode.c.h; path = ASINetworkQueue.h; sourceTree = "<group>"; };
		A7DBC2391B6F3D5200E3F667 /* ASINetworkQueue.m */ = {isa = PBXFileReference; fileEncoding = 4; lastKnownFileType = sourcecode.c.objc; path = ASINetworkQueue.m; sourceTree = "<group>"; };
		A7DBC23A1B6F3D5200E3F667 /* ASIProgressDelegate.h */ = {isa = PBXFileReference; fileEncoding = 4; lastKnownFileType = sourcecode.c.h; path = ASIProgressDelegate.h; sourceTree = "<group>"; };
		A7DBC23C1B6F3D5200E3F667 /* Reachability.h */ = {isa = PBXFileReference; fileEncoding = 4; lastKnownFileType = sourcecode.c.h; path = Reachability.h; sourceTree = "<group>"; };
		A7DBC23D1B6F3D5200E3F667 /* Reachability.m */ = {isa = PBXFileReference; fileEncoding = 4; lastKnownFileType = sourcecode.c.objc; path = Reachability.m; sourceTree = "<group>"; };
		A7DBC2411B6F3D5200E3F667 /* JSON.h */ = {isa = PBXFileReference; fileEncoding = 4; lastKnownFileType = sourcecode.c.h; path = JSON.h; sourceTree = "<group>"; };
		A7DBC2421B6F3D5200E3F667 /* NSObject+SBJSON.h */ = {isa = PBXFileReference; fileEncoding = 4; lastKnownFileType = sourcecode.c.h; path = "NSObject+SBJSON.h"; sourceTree = "<group>"; };
		A7DBC2431B6F3D5200E3F667 /* NSObject+SBJSON.m */ = {isa = PBXFileReference; fileEncoding = 4; lastKnownFileType = sourcecode.c.objc; path = "NSObject+SBJSON.m"; sourceTree = "<group>"; };
		A7DBC2441B6F3D5200E3F667 /* NSString+SBJSON.h */ = {isa = PBXFileReference; fileEncoding = 4; lastKnownFileType = sourcecode.c.h; path = "NSString+SBJSON.h"; sourceTree = "<group>"; };
		A7DBC2451B6F3D5200E3F667 /* NSString+SBJSON.m */ = {isa = PBXFileReference; fileEncoding = 4; lastKnownFileType = sourcecode.c.objc; path = "NSString+SBJSON.m"; sourceTree = "<group>"; };
		A7DBC2461B6F3D5200E3F667 /* SBJsonBase.h */ = {isa = PBXFileReference; fileEncoding = 4; lastKnownFileType = sourcecode.c.h; path = SBJsonBase.h; sourceTree = "<group>"; };
		A7DBC2471B6F3D5200E3F667 /* SBJsonBase.m */ = {isa = PBXFileReference; fileEncoding = 4; lastKnownFileType = sourcecode.c.objc; path = SBJsonBase.m; sourceTree = "<group>"; };
		A7DBC2481B6F3D5200E3F667 /* SBJsonParser.h */ = {isa = PBXFileReference; fileEncoding = 4; lastKnownFileType = sourcecode.c.h; path = SBJsonParser.h; sourceTree = "<group>"; };
		A7DBC2491B6F3D5200E3F667 /* SBJsonParser.m */ = {isa = PBXFileReference; fileEncoding = 4; lastKnownFileType = sourcecode.c.objc; path = SBJsonParser.m; sourceTree = "<group>"; };
		A7DBC24A1B6F3D5200E3F667 /* SBJsonStreamWriter.h */ = {isa = PBXFileReference; fileEncoding = 4; lastKnownFileType = sourcecode.c.h; path = SBJsonStreamWriter.h; sourceTree = "<group>"; };
		A7DBC24B1B6F3D5200E3F667 /* SBJsonStreamWriter.m */ = {isa = PBXFileReference; fileEncoding = 4; lastKnownFileType = sourcecode.c.objc; path = SBJsonStreamWriter.m; sourceTree = "<group>"; };
		A7DBC24C1B6F3D5200E3F667 /* SBJsonWriter.h */ = {isa = PBXFileReference; fileEncoding = 4; lastKnownFileType = sourcecode.c.h; path = SBJsonWriter.h; sourceTree = "<group>"; };
		A7DBC24D1B6F3D5200E3F667 /* SBJsonWriter.m */ = {isa = PBXFileReference; fileEncoding = 4; lastKnownFileType = sourcecode.c.objc; path = SBJsonWriter.m; sourceTree = "<group>"; };
		A7DBC24E1B6F3D5200E3F667 /* SBProxyForJson.h */ = {isa = PBXFileReference; fileEncoding = 4; lastKnownFileType = sourcecode.c.h; path = SBProxyForJson.h; sourceTree = "<group>"; };
		A7DBC25F1B6F3FF300E3F667 /* SYASIRequest.h */ = {isa = PBXFileReference; fileEncoding = 4; lastKnownFileType = sourcecode.c.h; path = SYASIRequest.h; sourceTree = "<group>"; };
		A7DBC2601B6F3FF300E3F667 /* SYASIRequest.m */ = {isa = PBXFileReference; fileEncoding = 4; lastKnownFileType = sourcecode.c.objc; path = SYASIRequest.m; sourceTree = "<group>"; };
		A7DBC2621B6F408300E3F667 /* libxml2.dylib */ = {isa = PBXFileReference; lastKnownFileType = "compiled.mach-o.dylib"; name = libxml2.dylib; path = usr/lib/libxml2.dylib; sourceTree = SDKROOT; };
		A7DBC2641B6F408C00E3F667 /* CFNetwork.framework */ = {isa = PBXFileReference; lastKnownFileType = wrapper.framework; name = CFNetwork.framework; path = System/Library/Frameworks/CFNetwork.framework; sourceTree = SDKROOT; };
		A7DBC2661B6F409400E3F667 /* CoreGraphics.framework */ = {isa = PBXFileReference; lastKnownFileType = wrapper.framework; name = CoreGraphics.framework; path = System/Library/Frameworks/CoreGraphics.framework; sourceTree = SDKROOT; };
		A7DBC2681B6F409F00E3F667 /* MobileCoreServices.framework */ = {isa = PBXFileReference; lastKnownFileType = wrapper.framework; name = MobileCoreServices.framework; path = System/Library/Frameworks/MobileCoreServices.framework; sourceTree = SDKROOT; };
		A7DBC26A1B6F40A900E3F667 /* libz.dylib */ = {isa = PBXFileReference; lastKnownFileType = "compiled.mach-o.dylib"; name = libz.dylib; path = usr/lib/libz.dylib; sourceTree = SDKROOT; };
		A7DBC26C1B6F40B200E3F667 /* SystemConfiguration.framework */ = {isa = PBXFileReference; lastKnownFileType = wrapper.framework; name = SystemConfiguration.framework; path = System/Library/Frameworks/SystemConfiguration.framework; sourceTree = SDKROOT; };
/* End PBXFileReference section */

/* Begin PBXFrameworksBuildPhase section */
		A7DBC1F91B6F3C5C00E3F667 /* Frameworks */ = {
			isa = PBXFrameworksBuildPhase;
			buildActionMask = 2147483647;
			files = (
				A7DBC26D1B6F40B200E3F667 /* SystemConfiguration.framework in Frameworks */,
				A7DBC26B1B6F40A900E3F667 /* libz.dylib in Frameworks */,
				A7DBC2691B6F409F00E3F667 /* MobileCoreServices.framework in Frameworks */,
				A7DBC2671B6F409400E3F667 /* CoreGraphics.framework in Frameworks */,
				A7DBC2651B6F408C00E3F667 /* CFNetwork.framework in Frameworks */,
				A7DBC2631B6F408300E3F667 /* libxml2.dylib in Frameworks */,
			);
			runOnlyForDeploymentPostprocessing = 0;
		};
		A7DBC2121B6F3C5C00E3F667 /* Frameworks */ = {
			isa = PBXFrameworksBuildPhase;
			buildActionMask = 2147483647;
			files = (
			);
			runOnlyForDeploymentPostprocessing = 0;
		};
/* End PBXFrameworksBuildPhase section */

/* Begin PBXGroup section */
		A7DBC1F31B6F3C5C00E3F667 = {
			isa = PBXGroup;
			children = (
				A7DBC26C1B6F40B200E3F667 /* SystemConfiguration.framework */,
				A7DBC26A1B6F40A900E3F667 /* libz.dylib */,
				A7DBC2681B6F409F00E3F667 /* MobileCoreServices.framework */,
				A7DBC2661B6F409400E3F667 /* CoreGraphics.framework */,
				A7DBC2641B6F408C00E3F667 /* CFNetwork.framework */,
				A7DBC2621B6F408300E3F667 /* libxml2.dylib */,
				A7DBC1FE1B6F3C5C00E3F667 /* DemoNetworkASI */,
				A7DBC2181B6F3C5C00E3F667 /* DemoNetworkASITests */,
				A7DBC1FD1B6F3C5C00E3F667 /* Products */,
			);
			sourceTree = "<group>";
		};
		A7DBC1FD1B6F3C5C00E3F667 /* Products */ = {
			isa = PBXGroup;
			children = (
				A7DBC1FC1B6F3C5C00E3F667 /* DemoNetworkASI.app */,
				A7DBC2151B6F3C5C00E3F667 /* DemoNetworkASITests.xctest */,
			);
			name = Products;
			sourceTree = "<group>";
		};
		A7DBC1FE1B6F3C5C00E3F667 /* DemoNetworkASI */ = {
			isa = PBXGroup;
			children = (
				A7DBC2031B6F3C5C00E3F667 /* AppDelegate.h */,
				A7DBC2041B6F3C5C00E3F667 /* AppDelegate.m */,
				A7DBC2061B6F3C5C00E3F667 /* ViewController.h */,
				A7DBC2071B6F3C5C00E3F667 /* ViewController.m */,
				A7DBC2251B6F3D5200E3F667 /* ASIRequestHelper */,
				A7DBC2091B6F3C5C00E3F667 /* Main.storyboard */,
				A7DBC20C1B6F3C5C00E3F667 /* Images.xcassets */,
				A7DBC20E1B6F3C5C00E3F667 /* LaunchScreen.xib */,
				A7DBC1FF1B6F3C5C00E3F667 /* Supporting Files */,
			);
			path = DemoNetworkASI;
			sourceTree = "<group>";
		};
		A7DBC1FF1B6F3C5C00E3F667 /* Supporting Files */ = {
			isa = PBXGroup;
			children = (
				A7DBC2001B6F3C5C00E3F667 /* Info.plist */,
				A7DBC2011B6F3C5C00E3F667 /* main.m */,
			);
			name = "Supporting Files";
			sourceTree = "<group>";
		};
		A7DBC2181B6F3C5C00E3F667 /* DemoNetworkASITests */ = {
			isa = PBXGroup;
			children = (
				A7DBC21B1B6F3C5C00E3F667 /* DemoNetworkASITests.m */,
				A7DBC2191B6F3C5C00E3F667 /* Supporting Files */,
			);
			path = DemoNetworkASITests;
			sourceTree = "<group>";
		};
		A7DBC2191B6F3C5C00E3F667 /* Supporting Files */ = {
			isa = PBXGroup;
			children = (
				A7DBC21A1B6F3C5C00E3F667 /* Info.plist */,
			);
			name = "Supporting Files";
			sourceTree = "<group>";
		};
		A7DBC2251B6F3D5200E3F667 /* ASIRequestHelper */ = {
			isa = PBXGroup;
			children = (
				A7DBC25F1B6F3FF300E3F667 /* SYASIRequest.h */,
				A7DBC2601B6F3FF300E3F667 /* SYASIRequest.m */,
				A7DBC2261B6F3D5200E3F667 /* ASIHttpRequst */,
				A7DBC2401B6F3D5200E3F667 /* SBJSON */,
			);
			path = ASIRequestHelper;
			sourceTree = "<group>";
		};
		A7DBC2261B6F3D5200E3F667 /* ASIHttpRequst */ = {
			isa = PBXGroup;
			children = (
				A7DBC2271B6F3D5200E3F667 /* ASIAuthenticationDialog.h */,
				A7DBC2281B6F3D5200E3F667 /* ASIAuthenticationDialog.m */,
				A7DBC2291B6F3D5200E3F667 /* ASICacheDelegate.h */,
				A7DBC22A1B6F3D5200E3F667 /* ASIDataCompressor.h */,
				A7DBC22B1B6F3D5200E3F667 /* ASIDataCompressor.m */,
				A7DBC22C1B6F3D5200E3F667 /* ASIDataDecompressor.h */,
				A7DBC22D1B6F3D5200E3F667 /* ASIDataDecompressor.m */,
				A7DBC22E1B6F3D5200E3F667 /* ASIDownloadCache.h */,
				A7DBC22F1B6F3D5200E3F667 /* ASIDownloadCache.m */,
				A7DBC2301B6F3D5200E3F667 /* ASIFormDataRequest.h */,
				A7DBC2311B6F3D5200E3F667 /* ASIFormDataRequest.m */,
				A7DBC2321B6F3D5200E3F667 /* ASIHTTPRequest.h */,
				A7DBC2331B6F3D5200E3F667 /* ASIHTTPRequest.m */,
				A7DBC2341B6F3D5200E3F667 /* ASIHTTPRequestConfig.h */,
				A7DBC2351B6F3D5200E3F667 /* ASIHTTPRequestDelegate.h */,
				A7DBC2361B6F3D5200E3F667 /* ASIInputStream.h */,
				A7DBC2371B6F3D5200E3F667 /* ASIInputStream.m */,
				A7DBC2381B6F3D5200E3F667 /* ASINetworkQueue.h */,
				A7DBC2391B6F3D5200E3F667 /* ASINetworkQueue.m */,
				A7DBC23A1B6F3D5200E3F667 /* ASIProgressDelegate.h */,
				A7DBC23B1B6F3D5200E3F667 /* Reachability */,
			);
			path = ASIHttpRequst;
			sourceTree = "<group>";
		};
		A7DBC23B1B6F3D5200E3F667 /* Reachability */ = {
			isa = PBXGroup;
			children = (
				A7DBC23C1B6F3D5200E3F667 /* Reachability.h */,
				A7DBC23D1B6F3D5200E3F667 /* Reachability.m */,
			);
			path = Reachability;
			sourceTree = "<group>";
		};
		A7DBC2401B6F3D5200E3F667 /* SBJSON */ = {
			isa = PBXGroup;
			children = (
				A7DBC2411B6F3D5200E3F667 /* JSON.h */,
				A7DBC2421B6F3D5200E3F667 /* NSObject+SBJSON.h */,
				A7DBC2431B6F3D5200E3F667 /* NSObject+SBJSON.m */,
				A7DBC2441B6F3D5200E3F667 /* NSString+SBJSON.h */,
				A7DBC2451B6F3D5200E3F667 /* NSString+SBJSON.m */,
				A7DBC2461B6F3D5200E3F667 /* SBJsonBase.h */,
				A7DBC2471B6F3D5200E3F667 /* SBJsonBase.m */,
				A7DBC2481B6F3D5200E3F667 /* SBJsonParser.h */,
				A7DBC2491B6F3D5200E3F667 /* SBJsonParser.m */,
				A7DBC24A1B6F3D5200E3F667 /* SBJsonStreamWriter.h */,
				A7DBC24B1B6F3D5200E3F667 /* SBJsonStreamWriter.m */,
				A7DBC24C1B6F3D5200E3F667 /* SBJsonWriter.h */,
				A7DBC24D1B6F3D5200E3F667 /* SBJsonWriter.m */,
				A7DBC24E1B6F3D5200E3F667 /* SBProxyForJson.h */,
			);
			path = SBJSON;
			sourceTree = "<group>";
		};
/* End PBXGroup section */

/* Begin PBXNativeTarget section */
		A7DBC1FB1B6F3C5C00E3F667 /* DemoNetworkASI */ = {
			isa = PBXNativeTarget;
			buildConfigurationList = A7DBC21F1B6F3C5C00E3F667 /* Build configuration list for PBXNativeTarget "DemoNetworkASI" */;
			buildPhases = (
				A7DBC1F81B6F3C5C00E3F667 /* Sources */,
				A7DBC1F91B6F3C5C00E3F667 /* Frameworks */,
				A7DBC1FA1B6F3C5C00E3F667 /* Resources */,
			);
			buildRules = (
			);
			dependencies = (
			);
			name = DemoNetworkASI;
			productName = DemoNetworkASI;
			productReference = A7DBC1FC1B6F3C5C00E3F667 /* DemoNetworkASI.app */;
			productType = "com.apple.product-type.application";
		};
		A7DBC2141B6F3C5C00E3F667 /* DemoNetworkASITests */ = {
			isa = PBXNativeTarget;
			buildConfigurationList = A7DBC2221B6F3C5C00E3F667 /* Build configuration list for PBXNativeTarget "DemoNetworkASITests" */;
			buildPhases = (
				A7DBC2111B6F3C5C00E3F667 /* Sources */,
				A7DBC2121B6F3C5C00E3F667 /* Frameworks */,
				A7DBC2131B6F3C5C00E3F667 /* Resources */,
			);
			buildRules = (
			);
			dependencies = (
				A7DBC2171B6F3C5C00E3F667 /* PBXTargetDependency */,
			);
			name = DemoNetworkASITests;
			productName = DemoNetworkASITests;
			productReference = A7DBC2151B6F3C5C00E3F667 /* DemoNetworkASITests.xctest */;
			productType = "com.apple.product-type.bundle.unit-test";
		};
/* End PBXNativeTarget section */

/* Begin PBXProject section */
		A7DBC1F41B6F3C5C00E3F667 /* Project object */ = {
			isa = PBXProject;
			attributes = {
				LastUpgradeCheck = 0630;
				ORGANIZATIONNAME = zhangshaoyu;
				TargetAttributes = {
					A7DBC1FB1B6F3C5C00E3F667 = {
						CreatedOnToolsVersion = 6.3.2;
					};
					A7DBC2141B6F3C5C00E3F667 = {
						CreatedOnToolsVersion = 6.3.2;
						TestTargetID = A7DBC1FB1B6F3C5C00E3F667;
					};
				};
			};
			buildConfigurationList = A7DBC1F71B6F3C5C00E3F667 /* Build configuration list for PBXProject "DemoNetworkASI" */;
			compatibilityVersion = "Xcode 3.2";
			developmentRegion = English;
			hasScannedForEncodings = 0;
			knownRegions = (
				en,
				Base,
			);
			mainGroup = A7DBC1F31B6F3C5C00E3F667;
			productRefGroup = A7DBC1FD1B6F3C5C00E3F667 /* Products */;
			projectDirPath = "";
			projectRoot = "";
			targets = (
				A7DBC1FB1B6F3C5C00E3F667 /* DemoNetworkASI */,
				A7DBC2141B6F3C5C00E3F667 /* DemoNetworkASITests */,
			);
		};
/* End PBXProject section */

/* Begin PBXResourcesBuildPhase section */
		A7DBC1FA1B6F3C5C00E3F667 /* Resources */ = {
			isa = PBXResourcesBuildPhase;
			buildActionMask = 2147483647;
			files = (
				A7DBC20B1B6F3C5C00E3F667 /* Main.storyboard in Resources */,
				A7DBC2101B6F3C5C00E3F667 /* LaunchScreen.xib in Resources */,
				A7DBC20D1B6F3C5C00E3F667 /* Images.xcassets in Resources */,
			);
			runOnlyForDeploymentPostprocessing = 0;
		};
		A7DBC2131B6F3C5C00E3F667 /* Resources */ = {
			isa = PBXResourcesBuildPhase;
			buildActionMask = 2147483647;
			files = (
			);
			runOnlyForDeploymentPostprocessing = 0;
		};
/* End PBXResourcesBuildPhase section */

/* Begin PBXSourcesBuildPhase section */
		A7DBC1F81B6F3C5C00E3F667 /* Sources */ = {
			isa = PBXSourcesBuildPhase;
			buildActionMask = 2147483647;
			files = (
				A7DBC2501B6F3D5200E3F667 /* ASIDataCompressor.m in Sources */,
				A7DBC25D1B6F3D5200E3F667 /* SBJsonStreamWriter.m in Sources */,
				A7DBC25B1B6F3D5200E3F667 /* SBJsonBase.m in Sources */,
				A7DBC2081B6F3C5C00E3F667 /* ViewController.m in Sources */,
				A7DBC2541B6F3D5200E3F667 /* ASIHTTPRequest.m in Sources */,
				A7DBC24F1B6F3D5200E3F667 /* ASIAuthenticationDialog.m in Sources */,
				A7DBC2611B6F3FF300E3F667 /* SYASIRequest.m in Sources */,
				A7DBC2591B6F3D5200E3F667 /* NSObject+SBJSON.m in Sources */,
				A7DBC25E1B6F3D5200E3F667 /* SBJsonWriter.m in Sources */,
				A7DBC2531B6F3D5200E3F667 /* ASIFormDataRequest.m in Sources */,
				A7DBC2051B6F3C5C00E3F667 /* AppDelegate.m in Sources */,
				A7DBC2551B6F3D5200E3F667 /* ASIInputStream.m in Sources */,
				A7DBC25C1B6F3D5200E3F667 /* SBJsonParser.m in Sources */,
				A7DBC2021B6F3C5C00E3F667 /* main.m in Sources */,
				A7DBC25A1B6F3D5200E3F667 /* NSString+SBJSON.m in Sources */,
				A7DBC2561B6F3D5200E3F667 /* ASINetworkQueue.m in Sources */,
				A7DBC2511B6F3D5200E3F667 /* ASIDataDecompressor.m in Sources */,
				A7DBC2571B6F3D5200E3F667 /* Reachability.m in Sources */,
				A7DBC2521B6F3D5200E3F667 /* ASIDownloadCache.m in Sources */,
			);
			runOnlyForDeploymentPostprocessing = 0;
		};
		A7DBC2111B6F3C5C00E3F667 /* Sources */ = {
			isa = PBXSourcesBuildPhase;
			buildActionMask = 2147483647;
			files = (
				A7DBC21C1B6F3C5C00E3F667 /* DemoNetworkASITests.m in Sources */,
			);
			runOnlyForDeploymentPostprocessing = 0;
		};
/* End PBXSourcesBuildPhase section */

/* Begin PBXTargetDependency section */
		A7DBC2171B6F3C5C00E3F667 /* PBXTargetDependency */ = {
			isa = PBXTargetDependency;
			target = A7DBC1FB1B6F3C5C00E3F667 /* DemoNetworkASI */;
			targetProxy = A7DBC2161B6F3C5C00E3F667 /* PBXContainerItemProxy */;
		};
/* End PBXTargetDependency section */

/* Begin PBXVariantGroup section */
		A7DBC2091B6F3C5C00E3F667 /* Main.storyboard */ = {
			isa = PBXVariantGroup;
			children = (
				A7DBC20A1B6F3C5C00E3F667 /* Base */,
			);
			name = Main.storyboard;
			sourceTree = "<group>";
		};
		A7DBC20E1B6F3C5C00E3F667 /* LaunchScreen.xib */ = {
			isa = PBXVariantGroup;
			children = (
				A7DBC20F1B6F3C5C00E3F667 /* Base */,
			);
			name = LaunchScreen.xib;
			sourceTree = "<group>";
		};
/* End PBXVariantGroup section */

/* Begin XCBuildConfiguration section */
		A7DBC21D1B6F3C5C00E3F667 /* Debug */ = {
			isa = XCBuildConfiguration;
			buildSettings = {
				ALWAYS_SEARCH_USER_PATHS = NO;
				CLANG_CXX_LANGUAGE_STANDARD = "gnu++0x";
				CLANG_CXX_LIBRARY = "libc++";
				CLANG_ENABLE_MODULES = YES;
				CLANG_ENABLE_OBJC_ARC = YES;
				CLANG_WARN_BOOL_CONVERSION = YES;
				CLANG_WARN_CONSTANT_CONVERSION = YES;
				CLANG_WARN_DIRECT_OBJC_ISA_USAGE = YES_ERROR;
				CLANG_WARN_EMPTY_BODY = YES;
				CLANG_WARN_ENUM_CONVERSION = YES;
				CLANG_WARN_INT_CONVERSION = YES;
				CLANG_WARN_OBJC_ROOT_CLASS = YES_ERROR;
				CLANG_WARN_UNREACHABLE_CODE = YES;
				CLANG_WARN__DUPLICATE_METHOD_MATCH = YES;
				"CODE_SIGN_IDENTITY[sdk=iphoneos*]" = "iPhone Developer";
				COPY_PHASE_STRIP = NO;
				DEBUG_INFORMATION_FORMAT = "dwarf-with-dsym";
				ENABLE_STRICT_OBJC_MSGSEND = YES;
				GCC_C_LANGUAGE_STANDARD = gnu99;
				GCC_DYNAMIC_NO_PIC = NO;
				GCC_NO_COMMON_BLOCKS = YES;
				GCC_OPTIMIZATION_LEVEL = 0;
				GCC_PREPROCESSOR_DEFINITIONS = (
					"DEBUG=1",
					"$(inherited)",
				);
				GCC_SYMBOLS_PRIVATE_EXTERN = NO;
				GCC_WARN_64_TO_32_BIT_CONVERSION = YES;
				GCC_WARN_ABOUT_RETURN_TYPE = YES_ERROR;
				GCC_WARN_UNDECLARED_SELECTOR = YES;
				GCC_WARN_UNINITIALIZED_AUTOS = YES_AGGRESSIVE;
				GCC_WARN_UNUSED_FUNCTION = YES;
				GCC_WARN_UNUSED_VARIABLE = YES;
				IPHONEOS_DEPLOYMENT_TARGET = 7.0;
				MTL_ENABLE_DEBUG_INFO = YES;
				ONLY_ACTIVE_ARCH = YES;
				SDKROOT = iphoneos;
			};
			name = Debug;
		};
		A7DBC21E1B6F3C5C00E3F667 /* Release */ = {
			isa = XCBuildConfiguration;
			buildSettings = {
				ALWAYS_SEARCH_USER_PATHS = NO;
				CLANG_CXX_LANGUAGE_STANDARD = "gnu++0x";
				CLANG_CXX_LIBRARY = "libc++";
				CLANG_ENABLE_MODULES = YES;
				CLANG_ENABLE_OBJC_ARC = YES;
				CLANG_WARN_BOOL_CONVERSION = YES;
				CLANG_WARN_CONSTANT_CONVERSION = YES;
				CLANG_WARN_DIRECT_OBJC_ISA_USAGE = YES_ERROR;
				CLANG_WARN_EMPTY_BODY = YES;
				CLANG_WARN_ENUM_CONVERSION = YES;
				CLANG_WARN_INT_CONVERSION = YES;
				CLANG_WARN_OBJC_ROOT_CLASS = YES_ERROR;
				CLANG_WARN_UNREACHABLE_CODE = YES;
				CLANG_WARN__DUPLICATE_METHOD_MATCH = YES;
				"CODE_SIGN_IDENTITY[sdk=iphoneos*]" = "iPhone Developer";
				COPY_PHASE_STRIP = NO;
				DEBUG_INFORMATION_FORMAT = "dwarf-with-dsym";
				ENABLE_NS_ASSERTIONS = NO;
				ENABLE_STRICT_OBJC_MSGSEND = YES;
				GCC_C_LANGUAGE_STANDARD = gnu99;
				GCC_NO_COMMON_BLOCKS = YES;
				GCC_WARN_64_TO_32_BIT_CONVERSION = YES;
				GCC_WARN_ABOUT_RETURN_TYPE = YES_ERROR;
				GCC_WARN_UNDECLARED_SELECTOR = YES;
				GCC_WARN_UNINITIALIZED_AUTOS = YES_AGGRESSIVE;
				GCC_WARN_UNUSED_FUNCTION = YES;
				GCC_WARN_UNUSED_VARIABLE = YES;
				IPHONEOS_DEPLOYMENT_TARGET = 7.0;
				MTL_ENABLE_DEBUG_INFO = NO;
				SDKROOT = iphoneos;
				VALIDATE_PRODUCT = YES;
			};
			name = Release;
		};
		A7DBC2201B6F3C5C00E3F667 /* Debug */ = {
			isa = XCBuildConfiguration;
			buildSettings = {
				ASSETCATALOG_COMPILER_APPICON_NAME = AppIcon;
				HEADER_SEARCH_PATHS = (
					"$(inherited)",
					/Applications/Xcode.app/Contents/Developer/Toolchains/XcodeDefault.xctoolchain/usr/include,
					"${SDK_DIR}/usr/include/libxml2",
				);
				INFOPLIST_FILE = DemoNetworkASI/Info.plist;
				IPHONEOS_DEPLOYMENT_TARGET = 7.0;
				LD_RUNPATH_SEARCH_PATHS = "$(inherited) @executable_path/Frameworks";
				PRODUCT_NAME = "$(TARGET_NAME)";
			};
			name = Debug;
		};
		A7DBC2211B6F3C5C00E3F667 /* Release */ = {
			isa = XCBuildConfiguration;
			buildSettings = {
				ASSETCATALOG_COMPILER_APPICON_NAME = AppIcon;
				HEADER_SEARCH_PATHS = (
					"$(inherited)",
					/Applications/Xcode.app/Contents/Developer/Toolchains/XcodeDefault.xctoolchain/usr/include,
					"${SDK_DIR}/usr/include/libxml2",
				);
				INFOPLIST_FILE = DemoNetworkASI/Info.plist;
				IPHONEOS_DEPLOYMENT_TARGET = 7.0;
				LD_RUNPATH_SEARCH_PATHS = "$(inherited) @executable_path/Frameworks";
				PRODUCT_NAME = "$(TARGET_NAME)";
			};
			name = Release;
		};
		A7DBC2231B6F3C5C00E3F667 /* Debug */ = {
			isa = XCBuildConfiguration;
			buildSettings = {
				BUNDLE_LOADER = "$(TEST_HOST)";
				FRAMEWORK_SEARCH_PATHS = (
					"$(SDKROOT)/Developer/Library/Frameworks",
					"$(inherited)",
				);
				GCC_PREPROCESSOR_DEFINITIONS = (
					"DEBUG=1",
					"$(inherited)",
				);
				INFOPLIST_FILE = DemoNetworkASITests/Info.plist;
				LD_RUNPATH_SEARCH_PATHS = "$(inherited) @executable_path/Frameworks @loader_path/Frameworks";
				PRODUCT_NAME = "$(TARGET_NAME)";
				TEST_HOST = "$(BUILT_PRODUCTS_DIR)/DemoNetworkASI.app/DemoNetworkASI";
			};
			name = Debug;
		};
		A7DBC2241B6F3C5C00E3F667 /* Release */ = {
			isa = XCBuildConfiguration;
			buildSettings = {
				BUNDLE_LOADER = "$(TEST_HOST)";
				FRAMEWORK_SEARCH_PATHS = (
					"$(SDKROOT)/Developer/Library/Frameworks",
					"$(inherited)",
				);
				INFOPLIST_FILE = DemoNetworkASITests/Info.plist;
				LD_RUNPATH_SEARCH_PATHS = "$(inherited) @executable_path/Frameworks @loader_path/Frameworks";
				PRODUCT_NAME = "$(TARGET_NAME)";
				TEST_HOST = "$(BUILT_PRODUCTS_DIR)/DemoNetworkASI.app/DemoNetworkASI";
			};
			name = Release;
		};
/* End XCBuildConfiguration section */

/* Begin XCConfigurationList section */
		A7DBC1F71B6F3C5C00E3F667 /* Build configuration list for PBXProject "DemoNetworkASI" */ = {
			isa = XCConfigurationList;
			buildConfigurations = (
				A7DBC21D1B6F3C5C00E3F667 /* Debug */,
				A7DBC21E1B6F3C5C00E3F667 /* Release */,
			);
			defaultConfigurationIsVisible = 0;
			defaultConfigurationName = Release;
		};
		A7DBC21F1B6F3C5C00E3F667 /* Build configuration list for PBXNativeTarget "DemoNetworkASI" */ = {
			isa = XCConfigurationList;
			buildConfigurations = (
				A7DBC2201B6F3C5C00E3F667 /* Debug */,
				A7DBC2211B6F3C5C00E3F667 /* Release */,
			);
			defaultConfigurationIsVisible = 0;
			defaultConfigurationName = Release;
		};
		A7DBC2221B6F3C5C00E3F667 /* Build configuration list for PBXNativeTarget "DemoNetworkASITests" */ = {
			isa = XCConfigurationList;
			buildConfigurations = (
				A7DBC2231B6F3C5C00E3F667 /* Debug */,
				A7DBC2241B6F3C5C00E3F667 /* Release */,
			);
			defaultConfigurationIsVisible = 0;
			defaultConfigurationName = Release;
		};
/* End XCConfigurationList section */
	};
	rootObject = A7DBC1F41B6F3C5C00E3F667 /* Project object */;
}
